// !$*UTF8*$!
{
	archiveVersion = 1;
	classes = {
	};
	objectVersion = 50;
	objects = {

/* Begin PBXBuildFile section */
		0946D0D523F52A6400290094 /* AppDelegate.swift in Sources */ = {isa = PBXBuildFile; fileRef = 0946D0D423F52A6400290094 /* AppDelegate.swift */; };
		0946D0D723F52A6400290094 /* SceneDelegate.swift in Sources */ = {isa = PBXBuildFile; fileRef = 0946D0D623F52A6400290094 /* SceneDelegate.swift */; };
		0946D0DC23F52A6400290094 /* Main.storyboard in Resources */ = {isa = PBXBuildFile; fileRef = 0946D0DA23F52A6400290094 /* Main.storyboard */; };
		0946D0DE23F52A6500290094 /* Assets.xcassets in Resources */ = {isa = PBXBuildFile; fileRef = 0946D0DD23F52A6500290094 /* Assets.xcassets */; };
		0946D0E123F52A6500290094 /* LaunchScreen.storyboard in Resources */ = {isa = PBXBuildFile; fileRef = 0946D0DF23F52A6500290094 /* LaunchScreen.storyboard */; };
		0946D0E923F52AE100290094 /* MainTableViewController.swift in Sources */ = {isa = PBXBuildFile; fileRef = 0946D0E823F52AE100290094 /* MainTableViewController.swift */; };
		0946D0EB23F52D4300290094 /* FoodItem.swift in Sources */ = {isa = PBXBuildFile; fileRef = 0946D0EA23F52D4300290094 /* FoodItem.swift */; };
		0946D0EF23F5351900290094 /* pizza.png in Resources */ = {isa = PBXBuildFile; fileRef = 0946D0EE23F5351900290094 /* pizza.png */; };
		0946D0F123F5352000290094 /* spaghetti.png in Resources */ = {isa = PBXBuildFile; fileRef = 0946D0F023F5352000290094 /* spaghetti.png */; };
		0946D0F323F5352700290094 /* icecream.png in Resources */ = {isa = PBXBuildFile; fileRef = 0946D0F223F5352700290094 /* icecream.png */; };
		0946D0F523F5354800290094 /* food.png in Resources */ = {isa = PBXBuildFile; fileRef = 0946D0F423F5354800290094 /* food.png */; };
		0946D0F723F5363400290094 /* FoodCell.swift in Sources */ = {isa = PBXBuildFile; fileRef = 0946D0F623F5363400290094 /* FoodCell.swift */; };
/* End PBXBuildFile section */

/* Begin PBXFileReference section */
		0946D0D123F52A6400290094 /* FoodApp.app */ = {isa = PBXFileReference; explicitFileType = wrapper.application; includeInIndex = 0; path = FoodApp.app; sourceTree = BUILT_PRODUCTS_DIR; };
		0946D0D423F52A6400290094 /* AppDelegate.swift */ = {isa = PBXFileReference; lastKnownFileType = sourcecode.swift; path = AppDelegate.swift; sourceTree = "<group>"; };
		0946D0D623F52A6400290094 /* SceneDelegate.swift */ = {isa = PBXFileReference; lastKnownFileType = sourcecode.swift; path = SceneDelegate.swift; sourceTree = "<group>"; };
		0946D0DB23F52A6400290094 /* Base */ = {isa = PBXFileReference; lastKnownFileType = file.storyboard; name = Base; path = Base.lproj/Main.storyboard; sourceTree = "<group>"; };
		0946D0DD23F52A6500290094 /* Assets.xcassets */ = {isa = PBXFileReference; lastKnownFileType = folder.assetcatalog; path = Assets.xcassets; sourceTree = "<group>"; };
		0946D0E023F52A6500290094 /* Base */ = {isa = PBXFileReference; lastKnownFileType = file.storyboard; name = Base; path = Base.lproj/LaunchScreen.storyboard; sourceTree = "<group>"; };
		0946D0E223F52A6500290094 /* Info.plist */ = {isa = PBXFileReference; lastKnownFileType = text.plist.xml; path = Info.plist; sourceTree = "<group>"; };
		0946D0E823F52AE100290094 /* MainTableViewController.swift */ = {isa = PBXFileReference; lastKnownFileType = sourcecode.swift; path = MainTableViewController.swift; sourceTree = "<group>"; };
		0946D0EA23F52D4300290094 /* FoodItem.swift */ = {isa = PBXFileReference; lastKnownFileType = sourcecode.swift; path = FoodItem.swift; sourceTree = "<group>"; };
		0946D0EE23F5351900290094 /* pizza.png */ = {isa = PBXFileReference; lastKnownFileType = image.png; path = pizza.png; sourceTree = "<group>"; };
		0946D0F023F5352000290094 /* spaghetti.png */ = {isa = PBXFileReference; lastKnownFileType = image.png; path = spaghetti.png; sourceTree = "<group>"; };
		0946D0F223F5352700290094 /* icecream.png */ = {isa = PBXFileReference; lastKnownFileType = image.png; path = icecream.png; sourceTree = "<group>"; };
		0946D0F423F5354800290094 /* food.png */ = {isa = PBXFileReference; lastKnownFileType = image.png; path = food.png; sourceTree = "<group>"; };
		0946D0F623F5363400290094 /* FoodCell.swift */ = {isa = PBXFileReference; lastKnownFileType = sourcecode.swift; path = FoodCell.swift; sourceTree = "<group>"; };
/* End PBXFileReference section */

/* Begin PBXFrameworksBuildPhase section */
		0946D0CE23F52A6400290094 /* Frameworks */ = {
			isa = PBXFrameworksBuildPhase;
			buildActionMask = 2147483647;
			files = (
			);
			runOnlyForDeploymentPostprocessing = 0;
		};
/* End PBXFrameworksBuildPhase section */

/* Begin PBXGroup section */
		0946D0C823F52A6400290094 = {
			isa = PBXGroup;
			children = (
				0946D0D323F52A6400290094 /* FoodApp */,
				0946D0D223F52A6400290094 /* Products */,
			);
			sourceTree = "<group>";
		};
		0946D0D223F52A6400290094 /* Products */ = {
			isa = PBXGroup;
			children = (
				0946D0D123F52A6400290094 /* FoodApp.app */,
			);
			name = Products;
			sourceTree = "<group>";
		};
		0946D0D323F52A6400290094 /* FoodApp */ = {
			isa = PBXGroup;
			children = (
				0946D0D423F52A6400290094 /* AppDelegate.swift */,
				0946D0D623F52A6400290094 /* SceneDelegate.swift */,
				0946D0E823F52AE100290094 /* MainTableViewController.swift */,
				0946D0EA23F52D4300290094 /* FoodItem.swift */,
				0946D0F623F5363400290094 /* FoodCell.swift */,
				0946D0DA23F52A6400290094 /* Main.storyboard */,
				0946D0DD23F52A6500290094 /* Assets.xcassets */,
				0946D0DF23F52A6500290094 /* LaunchScreen.storyboard */,
				0946D0E223F52A6500290094 /* Info.plist */,
				0946D0EE23F5351900290094 /* pizza.png */,
				0946D0F023F5352000290094 /* spaghetti.png */,
				0946D0F223F5352700290094 /* icecream.png */,
				0946D0F423F5354800290094 /* food.png */,
			);
			path = FoodApp;
			sourceTree = "<group>";
		};
/* End PBXGroup section */

/* Begin PBXNativeTarget section */
		0946D0D023F52A6400290094 /* FoodApp */ = {
			isa = PBXNativeTarget;
			buildConfigurationList = 0946D0E523F52A6500290094 /* Build configuration list for PBXNativeTarget "FoodApp" */;
			buildPhases = (
				0946D0CD23F52A6400290094 /* Sources */,
				0946D0CE23F52A6400290094 /* Frameworks */,
				0946D0CF23F52A6400290094 /* Resources */,
			);
			buildRules = (
			);
			dependencies = (
			);
			name = FoodApp;
			productName = FoodApp;
			productReference = 0946D0D123F52A6400290094 /* FoodApp.app */;
			productType = "com.apple.product-type.application";
		};
/* End PBXNativeTarget section */

/* Begin PBXProject section */
		0946D0C923F52A6400290094 /* Project object */ = {
			isa = PBXProject;
			attributes = {
				LastSwiftUpdateCheck = 1130;
				LastUpgradeCheck = 1130;
				ORGANIZATIONNAME = "Washington State University";
				TargetAttributes = {
					0946D0D023F52A6400290094 = {
						CreatedOnToolsVersion = 11.3.1;
					};
				};
			};
			buildConfigurationList = 0946D0CC23F52A6400290094 /* Build configuration list for PBXProject "FoodApp" */;
			compatibilityVersion = "Xcode 9.3";
			developmentRegion = en;
			hasScannedForEncodings = 0;
			knownRegions = (
				en,
				Base,
			);
			mainGroup = 0946D0C823F52A6400290094;
			productRefGroup = 0946D0D223F52A6400290094 /* Products */;
			projectDirPath = "";
			projectRoot = "";
			targets = (
				0946D0D023F52A6400290094 /* FoodApp */,
			);
		};
/* End PBXProject section */

/* Begin PBXResourcesBuildPhase section */
		0946D0CF23F52A6400290094 /* Resources */ = {
			isa = PBXResourcesBuildPhase;
			buildActionMask = 2147483647;
			files = (
				0946D0F123F5352000290094 /* spaghetti.png in Resources */,
				0946D0E123F52A6500290094 /* LaunchScreen.storyboard in Resources */,
				0946D0DE23F52A6500290094 /* Assets.xcassets in Resources */,
				0946D0EF23F5351900290094 /* pizza.png in Resources */,
				0946D0F523F5354800290094 /* food.png in Resources */,
				0946D0F323F5352700290094 /* icecream.png in Resources */,
				0946D0DC23F52A6400290094 /* Main.storyboard in Resources */,
			);
			runOnlyForDeploymentPostprocessing = 0;
		};
/* End PBXResourcesBuildPhase section */

/* Begin PBXSourcesBuildPhase section */
		0946D0CD23F52A6400290094 /* Sources */ = {
			isa = PBXSourcesBuildPhase;
			buildActionMask = 2147483647;
			files = (
				0946D0EB23F52D4300290094 /* FoodItem.swift in Sources */,
				0946D0D523F52A6400290094 /* AppDelegate.swift in Sources */,
				0946D0F723F5363400290094 /* FoodCell.swift in Sources */,
				0946D0E923F52AE100290094 /* MainTableViewController.swift in Sources */,
				0946D0D723F52A6400290094 /* SceneDelegate.swift in Sources */,
			);
			runOnlyForDeploymentPostprocessing = 0;
		};
/* End PBXSourcesBuildPhase section */

/* Begin PBXVariantGroup section */
		0946D0DA23F52A6400290094 /* Main.storyboard */ = {
			isa = PBXVariantGroup;
			children = (
				0946D0DB23F52A6400290094 /* Base */,
			);
			name = Main.storyboard;
			sourceTree = "<group>";
		};
		0946D0DF23F52A6500290094 /* LaunchScreen.storyboard */ = {
			isa = PBXVariantGroup;
			children = (
				0946D0E023F52A6500290094 /* Base */,
			);
			name = LaunchScreen.storyboard;
			sourceTree = "<group>";
		};
/* End PBXVariantGroup section */

/* Begin XCBuildConfiguration section */
		0946D0E323F52A6500290094 /* Debug */ = {
			isa = XCBuildConfiguration;
			buildSettings = {
				ALWAYS_SEARCH_USER_PATHS = NO;
				CLANG_ANALYZER_NONNULL = YES;
				CLANG_ANALYZER_NUMBER_OBJECT_CONVERSION = YES_AGGRESSIVE;
				CLANG_CXX_LANGUAGE_STANDARD = "gnu++14";
				CLANG_CXX_LIBRARY = "libc++";
				CLANG_ENABLE_MODULES = YES;
				CLANG_ENABLE_OBJC_ARC = YES;
				CLANG_ENABLE_OBJC_WEAK = YES;
				CLANG_WARN_BLOCK_CAPTURE_AUTORELEASING = YES;
				CLANG_WARN_BOOL_CONVERSION = YES;
				CLANG_WARN_COMMA = YES;
				CLANG_WARN_CONSTANT_CONVERSION = YES;
				CLANG_WARN_DEPRECATED_OBJC_IMPLEMENTATIONS = YES;
				CLANG_WARN_DIRECT_OBJC_ISA_USAGE = YES_ERROR;
				CLANG_WARN_DOCUMENTATION_COMMENTS = YES;
				CLANG_WARN_EMPTY_BODY = YES;
				CLANG_WARN_ENUM_CONVERSION = YES;
				CLANG_WARN_INFINITE_RECURSION = YES;
				CLANG_WARN_INT_CONVERSION = YES;
				CLANG_WARN_NON_LITERAL_NULL_CONVERSION = YES;
				CLANG_WARN_OBJC_IMPLICIT_RETAIN_SELF = YES;
				CLANG_WARN_OBJC_LITERAL_CONVERSION = YES;
				CLANG_WARN_OBJC_ROOT_CLASS = YES_ERROR;
				CLANG_WARN_RANGE_LOOP_ANALYSIS = YES;
				CLANG_WARN_STRICT_PROTOTYPES = YES;
				CLANG_WARN_SUSPICIOUS_MOVE = YES;
				CLANG_WARN_UNGUARDED_AVAILABILITY = YES_AGGRESSIVE;
				CLANG_WARN_UNREACHABLE_CODE = YES;
				CLANG_WARN__DUPLICATE_METHOD_MATCH = YES;
				COPY_PHASE_STRIP = NO;
				DEBUG_INFORMATION_FORMAT = dwarf;
				ENABLE_STRICT_OBJC_MSGSEND = YES;
				ENABLE_TESTABILITY = YES;
				GCC_C_LANGUAGE_STANDARD = gnu11;
				GCC_DYNAMIC_NO_PIC = NO;
				GCC_NO_COMMON_BLOCKS = YES;
				GCC_OPTIMIZATION_LEVEL = 0;
				GCC_PREPROCESSOR_DEFINITIONS = (
					"DEBUG=1",
					"$(inherited)",
				);
				GCC_WARN_64_TO_32_BIT_CONVERSION = YES;
				GCC_WARN_ABOUT_RETURN_TYPE = YES_ERROR;
				GCC_WARN_UNDECLARED_SELECTOR = YES;
				GCC_WARN_UNINITIALIZED_AUTOS = YES_AGGRESSIVE;
				GCC_WARN_UNUSED_FUNCTION = YES;
				GCC_WARN_UNUSED_VARIABLE = YES;
				IPHONEOS_DEPLOYMENT_TARGET = 13.2;
				MTL_ENABLE_DEBUG_INFO = INCLUDE_SOURCE;
				MTL_FAST_MATH = YES;
				ONLY_ACTIVE_ARCH = YES;
				SDKROOT = iphoneos;
				SWIFT_ACTIVE_COMPILATION_CONDITIONS = DEBUG;
				SWIFT_OPTIMIZATION_LEVEL = "-Onone";
			};
			name = Debug;
		};
		0946D0E423F52A6500290094 /* Release */ = {
			isa = XCBuildConfiguration;
			buildSettings = {
				ALWAYS_SEARCH_USER_PATHS = NO;
				CLANG_ANALYZER_NONNULL = YES;
				CLANG_ANALYZER_NUMBER_OBJECT_CONVERSION = YES_AGGRESSIVE;
				CLANG_CXX_LANGUAGE_STANDARD = "gnu++14";
				CLANG_CXX_LIBRARY = "libc++";
				CLANG_ENABLE_MODULES = YES;
				CLANG_ENABLE_OBJC_ARC = YES;
				CLANG_ENABLE_OBJC_WEAK = YES;
				CLANG_WARN_BLOCK_CAPTURE_AUTORELEASING = YES;
				CLANG_WARN_BOOL_CONVERSION = YES;
				CLANG_WARN_COMMA = YES;
				CLANG_WARN_CONSTANT_CONVERSION = YES;
				CLANG_WARN_DEPRECATED_OBJC_IMPLEMENTATIONS = YES;
				CLANG_WARN_DIRECT_OBJC_ISA_USAGE = YES_ERROR;
				CLANG_WARN_DOCUMENTATION_COMMENTS = YES;
				CLANG_WARN_EMPTY_BODY = YES;
				CLANG_WARN_ENUM_CONVERSION = YES;
				CLANG_WARN_INFINITE_RECURSION = YES;
				CLANG_WARN_INT_CONVERSION = YES;
				CLANG_WARN_NON_LITERAL_NULL_CONVERSION = YES;
				CLANG_WARN_OBJC_IMPLICIT_RETAIN_SELF = YES;
				CLANG_WARN_OBJC_LITERAL_CONVERSION = YES;
				CLANG_WARN_OBJC_ROOT_CLASS = YES_ERROR;
				CLANG_WARN_RANGE_LOOP_ANALYSIS = YES;
				CLANG_WARN_STRICT_PROTOTYPES = YES;
				CLANG_WARN_SUSPICIOUS_MOVE = YES;
				CLANG_WARN_UNGUARDED_AVAILABILITY = YES_AGGRESSIVE;
				CLANG_WARN_UNREACHABLE_CODE = YES;
				CLANG_WARN__DUPLICATE_METHOD_MATCH = YES;
				COPY_PHASE_STRIP = NO;
				DEBUG_INFORMATION_FORMAT = "dwarf-with-dsym";
				ENABLE_NS_ASSERTIONS = NO;
				ENABLE_STRICT_OBJC_MSGSEND = YES;
				GCC_C_LANGUAGE_STANDARD = gnu11;
				GCC_NO_COMMON_BLOCKS = YES;
				GCC_WARN_64_TO_32_BIT_CONVERSION = YES;
				GCC_WARN_ABOUT_RETURN_TYPE = YES_ERROR;
				GCC_WARN_UNDECLARED_SELECTOR = YES;
				GCC_WARN_UNINITIALIZED_AUTOS = YES_AGGRESSIVE;
				GCC_WARN_UNUSED_FUNCTION = YES;
				GCC_WARN_UNUSED_VARIABLE = YES;
				IPHONEOS_DEPLOYMENT_TARGET = 13.2;
				MTL_ENABLE_DEBUG_INFO = NO;
				MTL_FAST_MATH = YES;
				SDKROOT = iphoneos;
				SWIFT_COMPILATION_MODE = wholemodule;
				SWIFT_OPTIMIZATION_LEVEL = "-O";
				VALIDATE_PRODUCT = YES;
			};
			name = Release;
		};
		0946D0E623F52A6500290094 /* Debug */ = {
			isa = XCBuildConfiguration;
			buildSettings = {
				ASSETCATALOG_COMPILER_APPICON_NAME = AppIcon;
				CODE_SIGN_STYLE = Automatic;
				DEVELOPMENT_TEAM = J3N3V4335U;
				INFOPLIST_FILE = FoodApp/Info.plist;
				LD_RUNPATH_SEARCH_PATHS = (
					"$(inherited)",
					"@executable_path/Frameworks",
				);
				PRODUCT_BUNDLE_IDENTIFIER = edu.wsu.FoodApp;
				PRODUCT_NAME = "$(TARGET_NAME)";
				SWIFT_VERSION = 5.0;
				TARGETED_DEVICE_FAMILY = "1,2";
			};
			name = Debug;
		};
		0946D0E723F52A6500290094 /* Release */ = {
			isa = XCBuildConfiguration;
			buildSettings = {
				ASSETCATALOG_COMPILER_APPICON_NAME = AppIcon;
				CODE_SIGN_STYLE = Automatic;
				DEVELOPMENT_TEAM = J3N3V4335U;
				INFOPLIST_FILE = FoodApp/Info.plist;
				LD_RUNPATH_SEARCH_PATHS = (
					"$(inherited)",
					"@executable_path/Frameworks",
				);
				PRODUCT_BUNDLE_IDENTIFIER = edu.wsu.FoodApp;
				PRODUCT_NAME = "$(TARGET_NAME)";
				SWIFT_VERSION = 5.0;
				TARGETED_DEVICE_FAMILY = "1,2";
			};
			name = Release;
		};
/* End XCBuildConfiguration section */

/* Begin XCConfigurationList section */
		0946D0CC23F52A6400290094 /* Build configuration list for PBXProject "FoodApp" */ = {
			isa = XCConfigurationList;
			buildConfigurations = (
				0946D0E323F52A6500290094 /* Debug */,
				0946D0E423F52A6500290094 /* Release */,
			);
			defaultConfigurationIsVisible = 0;
			defaultConfigurationName = Release;
		};
		0946D0E523F52A6500290094 /* Build configuration list for PBXNativeTarget "FoodApp" */ = {
			isa = XCConfigurationList;
			buildConfigurations = (
				0946D0E623F52A6500290094 /* Debug */,
				0946D0E723F52A6500290094 /* Release */,
			);
			defaultConfigurationIsVisible = 0;
			defaultConfigurationName = Release;
		};
/* End XCConfigurationList section */
	};
	rootObject = 0946D0C923F52A6400290094 /* Project object */;
}
